
Microsoft Visual Studio Solution File, Format Version 12.00
# Visual Studio Version 17
VisualStudioVersion = 17.0.31903.59
MinimumVisualStudioVersion = 10.0.40219.1
Project("{2150E333-8FDC-42A3-9474-1A3956D46DE8}") = "src", "src", "{ED5D0FC6-246D-44B2-AEA4-96E23211BC21}"
EndProject
Project("{FAE04EC0-301F-11D3-BF4B-00C04F79EFBC}") = "EasterEggHunt.Domain", "src\EasterEggHunt.Domain\EasterEggHunt.Domain.csproj", "{F3B65F16-CD04-4879-B128-2AFEE6BB98F6}"
EndProject
Project("{FAE04EC0-301F-11D3-BF4B-00C04F79EFBC}") = "EasterEggHunt.Application", "src\EasterEggHunt.Application\EasterEggHunt.Application.csproj", "{D4047C85-7D2A-47CD-BF93-185AD406EB27}"
EndProject
Project("{FAE04EC0-301F-11D3-BF4B-00C04F79EFBC}") = "EasterEggHunt.Infrastructure", "src\EasterEggHunt.Infrastructure\EasterEggHunt.Infrastructure.csproj", "{64D74C75-1B3E-441C-BF35-0E889F078212}"
EndProject
Project("{FAE04EC0-301F-11D3-BF4B-00C04F79EFBC}") = "EasterEggHunt.Api", "src\EasterEggHunt.Api\EasterEggHunt.Api.csproj", "{7298F05D-9F80-4F39-8AF6-3DDEB2F0B23B}"
EndProject
Project("{FAE04EC0-301F-11D3-BF4B-00C04F79EFBC}") = "EasterEggHunt.Web", "src\EasterEggHunt.Web\EasterEggHunt.Web.csproj", "{D52BE141-A593-40B4-BF9F-DE54F0C960C5}"
EndProject
Project("{2150E333-8FDC-42A3-9474-1A3956D46DE8}") = "tests", "tests", "{45D88116-673B-4844-9735-BA462667B131}"
EndProject
Project("{FAE04EC0-301F-11D3-BF4B-00C04F79EFBC}") = "EasterEggHunt.Domain.Tests", "tests\EasterEggHunt.Domain.Tests\EasterEggHunt.Domain.Tests.csproj", "{6058D656-DA0D-4552-98B7-7A139730169A}"
EndProject
Project("{FAE04EC0-301F-11D3-BF4B-00C04F79EFBC}") = "EasterEggHunt.Application.Tests", "tests\EasterEggHunt.Application.Tests\EasterEggHunt.Application.Tests.csproj", "{73E9032E-CFBC-44C4-8748-A2169535C756}"
EndProject
Project("{FAE04EC0-301F-11D3-BF4B-00C04F79EFBC}") = "EasterEggHunt.Infrastructure.Tests", "tests\EasterEggHunt.Infrastructure.Tests\EasterEggHunt.Infrastructure.Tests.csproj", "{E67D3E3B-0455-45B7-873C-CA00ACFC1940}"
EndProject
Project("{FAE04EC0-301F-11D3-BF4B-00C04F79EFBC}") = "EasterEggHunt.Api.Tests", "tests\EasterEggHunt.Api.Tests\EasterEggHunt.Api.Tests.csproj", "{46B5E7DF-8A2B-42A4-A546-844F3100C8B9}"
EndProject
Project("{FAE04EC0-301F-11D3-BF4B-00C04F79EFBC}") = "EasterEggHunt.Web.Tests", "tests\EasterEggHunt.Web.Tests\EasterEggHunt.Web.Tests.csproj", "{8B2C3D4E-5F6A-7B8C-9D0E-1F2A3B4C5D6E}"
EndProject
Project("{FAE04EC0-301F-11D3-BF4B-00C04F79EFBC}") = "EasterEggHunt.Integration.Tests", "tests\EasterEggHunt.Integration.Tests\EasterEggHunt.Integration.Tests.csproj", "{9C3D4E5F-6A7B-8C9D-0E1F-2A3B4C5D6E7F}"
EndProject
Project("{FAE04EC0-301F-11D3-BF4B-00C04F79EFBC}") = "EasterEggHunt.Api.Abstractions", "src\EasterEggHunt.Api.Abstractions\EasterEggHunt.Api.Abstractions.csproj", "{A9C3C707-D953-4A98-A86A-E2DBB96C90CE}"
EndProject
Global
	GlobalSection(SolutionConfigurationPlatforms) = preSolution
		Debug|Any CPU = Debug|Any CPU
		Release|Any CPU = Release|Any CPU
	EndGlobalSection
	GlobalSection(SolutionProperties) = preSolution
		HideSolutionNode = FALSE
	EndGlobalSection
	GlobalSection(ProjectConfigurationPlatforms) = postSolution
		{F3B65F16-CD04-4879-B128-2AFEE6BB98F6}.Debug|Any CPU.ActiveCfg = Debug|Any CPU
		{F3B65F16-CD04-4879-B128-2AFEE6BB98F6}.Debug|Any CPU.Build.0 = Debug|Any CPU
		{F3B65F16-CD04-4879-B128-2AFEE6BB98F6}.Release|Any CPU.ActiveCfg = Release|Any CPU
		{F3B65F16-CD04-4879-B128-2AFEE6BB98F6}.Release|Any CPU.Build.0 = Release|Any CPU
		{D4047C85-7D2A-47CD-BF93-185AD406EB27}.Debug|Any CPU.ActiveCfg = Debug|Any CPU
		{D4047C85-7D2A-47CD-BF93-185AD406EB27}.Debug|Any CPU.Build.0 = Debug|Any CPU
		{D4047C85-7D2A-47CD-BF93-185AD406EB27}.Release|Any CPU.ActiveCfg = Release|Any CPU
		{D4047C85-7D2A-47CD-BF93-185AD406EB27}.Release|Any CPU.Build.0 = Release|Any CPU
		{64D74C75-1B3E-441C-BF35-0E889F078212}.Debug|Any CPU.ActiveCfg = Debug|Any CPU
		{64D74C75-1B3E-441C-BF35-0E889F078212}.Debug|Any CPU.Build.0 = Debug|Any CPU
		{64D74C75-1B3E-441C-BF35-0E889F078212}.Release|Any CPU.ActiveCfg = Release|Any CPU
		{64D74C75-1B3E-441C-BF35-0E889F078212}.Release|Any CPU.Build.0 = Release|Any CPU
		{7298F05D-9F80-4F39-8AF6-3DDEB2F0B23B}.Debug|Any CPU.ActiveCfg = Debug|Any CPU
		{7298F05D-9F80-4F39-8AF6-3DDEB2F0B23B}.Debug|Any CPU.Build.0 = Debug|Any CPU
		{7298F05D-9F80-4F39-8AF6-3DDEB2F0B23B}.Release|Any CPU.ActiveCfg = Release|Any CPU
		{7298F05D-9F80-4F39-8AF6-3DDEB2F0B23B}.Release|Any CPU.Build.0 = Release|Any CPU
		{D52BE141-A593-40B4-BF9F-DE54F0C960C5}.Debug|Any CPU.ActiveCfg = Debug|Any CPU
		{D52BE141-A593-40B4-BF9F-DE54F0C960C5}.Debug|Any CPU.Build.0 = Debug|Any CPU
		{D52BE141-A593-40B4-BF9F-DE54F0C960C5}.Release|Any CPU.ActiveCfg = Release|Any CPU
		{D52BE141-A593-40B4-BF9F-DE54F0C960C5}.Release|Any CPU.Build.0 = Release|Any CPU
		{6058D656-DA0D-4552-98B7-7A139730169A}.Debug|Any CPU.ActiveCfg = Debug|Any CPU
		{6058D656-DA0D-4552-98B7-7A139730169A}.Debug|Any CPU.Build.0 = Debug|Any CPU
		{6058D656-DA0D-4552-98B7-7A139730169A}.Release|Any CPU.ActiveCfg = Release|Any CPU
		{6058D656-DA0D-4552-98B7-7A139730169A}.Release|Any CPU.Build.0 = Release|Any CPU
		{73E9032E-CFBC-44C4-8748-A2169535C756}.Debug|Any CPU.ActiveCfg = Debug|Any CPU
		{73E9032E-CFBC-44C4-8748-A2169535C756}.Debug|Any CPU.Build.0 = Debug|Any CPU
		{73E9032E-CFBC-44C4-8748-A2169535C756}.Release|Any CPU.ActiveCfg = Release|Any CPU
		{73E9032E-CFBC-44C4-8748-A2169535C756}.Release|Any CPU.Build.0 = Release|Any CPU
		{E67D3E3B-0455-45B7-873C-CA00ACFC1940}.Debug|Any CPU.ActiveCfg = Debug|Any CPU
		{E67D3E3B-0455-45B7-873C-CA00ACFC1940}.Debug|Any CPU.Build.0 = Debug|Any CPU
		{E67D3E3B-0455-45B7-873C-CA00ACFC1940}.Release|Any CPU.ActiveCfg = Release|Any CPU
		{E67D3E3B-0455-45B7-873C-CA00ACFC1940}.Release|Any CPU.Build.0 = Release|Any CPU
		{46B5E7DF-8A2B-42A4-A546-844F3100C8B9}.Debug|Any CPU.ActiveCfg = Debug|Any CPU
		{46B5E7DF-8A2B-42A4-A546-844F3100C8B9}.Debug|Any CPU.Build.0 = Debug|Any CPU
		{46B5E7DF-8A2B-42A4-A546-844F3100C8B9}.Release|Any CPU.ActiveCfg = Release|Any CPU
		{46B5E7DF-8A2B-42A4-A546-844F3100C8B9}.Release|Any CPU.Build.0 = Release|Any CPU
		{8B2C3D4E-5F6A-7B8C-9D0E-1F2A3B4C5D6E}.Debug|Any CPU.ActiveCfg = Debug|Any CPU
		{8B2C3D4E-5F6A-7B8C-9D0E-1F2A3B4C5D6E}.Debug|Any CPU.Build.0 = Debug|Any CPU
		{8B2C3D4E-5F6A-7B8C-9D0E-1F2A3B4C5D6E}.Release|Any CPU.ActiveCfg = Release|Any CPU
		{8B2C3D4E-5F6A-7B8C-9D0E-1F2A3B4C5D6E}.Release|Any CPU.Build.0 = Release|Any CPU
		{9C3D4E5F-6A7B-8C9D-0E1F-2A3B4C5D6E7F}.Debug|Any CPU.ActiveCfg = Debug|Any CPU
		{9C3D4E5F-6A7B-8C9D-0E1F-2A3B4C5D6E7F}.Debug|Any CPU.Build.0 = Debug|Any CPU
		{9C3D4E5F-6A7B-8C9D-0E1F-2A3B4C5D6E7F}.Release|Any CPU.ActiveCfg = Release|Any CPU
		{9C3D4E5F-6A7B-8C9D-0E1F-2A3B4C5D6E7F}.Release|Any CPU.Build.0 = Release|Any CPU
		{A9C3C707-D953-4A98-A86A-E2DBB96C90CE}.Debug|Any CPU.ActiveCfg = Debug|Any CPU
		{A9C3C707-D953-4A98-A86A-E2DBB96C90CE}.Debug|Any CPU.Build.0 = Debug|Any CPU
		{A9C3C707-D953-4A98-A86A-E2DBB96C90CE}.Release|Any CPU.ActiveCfg = Release|Any CPU
		{A9C3C707-D953-4A98-A86A-E2DBB96C90CE}.Release|Any CPU.Build.0 = Release|Any CPU
	EndGlobalSection
	GlobalSection(NestedProjects) = preSolution
		{F3B65F16-CD04-4879-B128-2AFEE6BB98F6} = {ED5D0FC6-246D-44B2-AEA4-96E23211BC21}
		{D4047C85-7D2A-47CD-BF93-185AD406EB27} = {ED5D0FC6-246D-44B2-AEA4-96E23211BC21}
		{64D74C75-1B3E-441C-BF35-0E889F078212} = {ED5D0FC6-246D-44B2-AEA4-96E23211BC21}
		{7298F05D-9F80-4F39-8AF6-3DDEB2F0B23B} = {ED5D0FC6-246D-44B2-AEA4-96E23211BC21}
		{D52BE141-A593-40B4-BF9F-DE54F0C960C5} = {ED5D0FC6-246D-44B2-AEA4-96E23211BC21}
		{6058D656-DA0D-4552-98B7-7A139730169A} = {45D88116-673B-4844-9735-BA462667B131}
		{73E9032E-CFBC-44C4-8748-A2169535C756} = {45D88116-673B-4844-9735-BA462667B131}
		{E67D3E3B-0455-45B7-873C-CA00ACFC1940} = {45D88116-673B-4844-9735-BA462667B131}
		{46B5E7DF-8A2B-42A4-A546-844F3100C8B9} = {45D88116-673B-4844-9735-BA462667B131}
		{8B2C3D4E-5F6A-7B8C-9D0E-1F2A3B4C5D6E} = {45D88116-673B-4844-9735-BA462667B131}
		{9C3D4E5F-6A7B-8C9D-0E1F-2A3B4C5D6E7F} = {45D88116-673B-4844-9735-BA462667B131}
		{A9C3C707-D953-4A98-A86A-E2DBB96C90CE} = {ED5D0FC6-246D-44B2-AEA4-96E23211BC21}
	EndGlobalSection
EndGlobal
